{
  "requires": true,
  "lockfileVersion": 1,
  "dependencies": {
    "@types/webappsec-credential-management": {
      "version": "0.5.1",
      "resolved": "https://registry.npmjs.org/@types/webappsec-credential-management/-/webappsec-credential-management-0.5.1.tgz",
      "integrity": "sha512-ZIl4fCJm3mo0jzivFnxhA4qYEY/HicVPxLbcqQTZ3JjnhEFJwYAEPEZft7AJo/MVxHU4mFdAauX+jo+a4m1Qkg=="
    }
  }
}
